
Microsoft Visual Studio Solution File, Format Version 12.00
# Visual Studio 15
VisualStudioVersion = 15.0.28307.1209
MinimumVisualStudioVersion = 10.0.40219.1
Project("{FAE04EC0-301F-11D3-BF4B-00C04F79EFBC}") = "EssentialTraining", "EssentialTraining\EssentialTraining.csproj", "{1E63C417-DE4B-4389-A001-A84A48958BDC}"
EndProject
Project("{FAE04EC0-301F-11D3-BF4B-00C04F79EFBC}") = "EssentialTrainingTests", "EssentialTrainingTests\EssentialTrainingTests.csproj", "{B5A75BAB-FFCA-48D4-A29D-38CE7F7ED549}"
EndProject
Project("{FAE04EC0-301F-11D3-BF4B-00C04F79EFBC}") = "EssentialTrainingApp", "EssentialTrainingApp\EssentialTrainingApp.csproj", "{648AD274-13C6-4368-9D08-9EB4F9B2BD6D}"
EndProject
Global
	GlobalSection(SolutionConfigurationPlatforms) = preSolution
		Debug|Any CPU = Debug|Any CPU
		Release|Any CPU = Release|Any CPU
	EndGlobalSection
	GlobalSection(ProjectConfigurationPlatforms) = postSolution
		{1E63C417-DE4B-4389-A001-A84A48958BDC}.Debug|Any CPU.ActiveCfg = Debug|Any CPU
		{1E63C417-DE4B-4389-A001-A84A48958BDC}.Debug|Any CPU.Build.0 = Debug|Any CPU
		{1E63C417-DE4B-4389-A001-A84A48958BDC}.Release|Any CPU.ActiveCfg = Release|Any CPU
		{1E63C417-DE4B-4389-A001-A84A48958BDC}.Release|Any CPU.Build.0 = Release|Any CPU
		{B5A75BAB-FFCA-48D4-A29D-38CE7F7ED549}.Debug|Any CPU.ActiveCfg = Debug|Any CPU
		{B5A75BAB-FFCA-48D4-A29D-38CE7F7ED549}.Debug|Any CPU.Build.0 = Debug|Any CPU
		{B5A75BAB-FFCA-48D4-A29D-38CE7F7ED549}.Release|Any CPU.ActiveCfg = Release|Any CPU
		{B5A75BAB-FFCA-48D4-A29D-38CE7F7ED549}.Release|Any CPU.Build.0 = Release|Any CPU
		{648AD274-13C6-4368-9D08-9EB4F9B2BD6D}.Debug|Any CPU.ActiveCfg = Debug|Any CPU
		{648AD274-13C6-4368-9D08-9EB4F9B2BD6D}.Debug|Any CPU.Build.0 = Debug|Any CPU
		{648AD274-13C6-4368-9D08-9EB4F9B2BD6D}.Release|Any CPU.ActiveCfg = Release|Any CPU
		{648AD274-13C6-4368-9D08-9EB4F9B2BD6D}.Release|Any CPU.Build.0 = Release|Any CPU
	EndGlobalSection
	GlobalSection(SolutionProperties) = preSolution
		HideSolutionNode = FALSE
	EndGlobalSection
	GlobalSection(ExtensibilityGlobals) = postSolution
		SolutionGuid = {578EB5F6-D78D-488B-AE87-7B90C36264AF}
	EndGlobalSection
EndGlobal
